
Microsoft Visual Studio Solution File, Format Version 12.00
# Visual Studio 15
VisualStudioVersion = 15.0.26124.0
MinimumVisualStudioVersion = 15.0.26124.0
Project("{2150E333-8FDC-42A3-9474-1A3956D46DE8}") = "src", "src", "{3A44D9B0-B399-477D-A949-51E4427B81FA}"
EndProject
Project("{FAE04EC0-301F-11D3-BF4B-00C04F79EFBC}") = "Application", "src\Application\Application.csproj", "{9B238E1E-DE14-4386-978F-42048EDD8598}"
EndProject
Project("{FAE04EC0-301F-11D3-BF4B-00C04F79EFBC}") = "MorseCodeLibrary", "src\MorseCodeLibrary\MorseCodeLibrary.csproj", "{0EFADE96-FA8E-41E5-B923-B24B86C2BC17}"
EndProject
Project("{2150E333-8FDC-42A3-9474-1A3956D46DE8}") = "test", "test", "{A1FB8AD7-AD60-4C49-AC99-F23B8DD125DF}"
EndProject
Project("{2150E333-8FDC-42A3-9474-1A3956D46DE8}") = "UnitTests", "UnitTests", "{9AF004F1-A67B-45FD-8C5C-861FC1BF53B0}"
EndProject
Project("{FAE04EC0-301F-11D3-BF4B-00C04F79EFBC}") = "MorseCodeLibraryTests", "test\UnitTests\MorseCodeLibraryTests\MorseCodeLibraryTests.csproj", "{84A1AA21-2744-444D-81A4-3A448E8CE2E8}"
EndProject
Global
	GlobalSection(SolutionConfigurationPlatforms) = preSolution
		Debug|Any CPU = Debug|Any CPU
		Debug|x64 = Debug|x64
		Debug|x86 = Debug|x86
		Release|Any CPU = Release|Any CPU
		Release|x64 = Release|x64
		Release|x86 = Release|x86
	EndGlobalSection
	GlobalSection(SolutionProperties) = preSolution
		HideSolutionNode = FALSE
	EndGlobalSection
	GlobalSection(ProjectConfigurationPlatforms) = postSolution
		{9B238E1E-DE14-4386-978F-42048EDD8598}.Debug|Any CPU.ActiveCfg = Debug|Any CPU
		{9B238E1E-DE14-4386-978F-42048EDD8598}.Debug|Any CPU.Build.0 = Debug|Any CPU
		{9B238E1E-DE14-4386-978F-42048EDD8598}.Debug|x64.ActiveCfg = Debug|Any CPU
		{9B238E1E-DE14-4386-978F-42048EDD8598}.Debug|x64.Build.0 = Debug|Any CPU
		{9B238E1E-DE14-4386-978F-42048EDD8598}.Debug|x86.ActiveCfg = Debug|Any CPU
		{9B238E1E-DE14-4386-978F-42048EDD8598}.Debug|x86.Build.0 = Debug|Any CPU
		{9B238E1E-DE14-4386-978F-42048EDD8598}.Release|Any CPU.ActiveCfg = Release|Any CPU
		{9B238E1E-DE14-4386-978F-42048EDD8598}.Release|Any CPU.Build.0 = Release|Any CPU
		{9B238E1E-DE14-4386-978F-42048EDD8598}.Release|x64.ActiveCfg = Release|Any CPU
		{9B238E1E-DE14-4386-978F-42048EDD8598}.Release|x64.Build.0 = Release|Any CPU
		{9B238E1E-DE14-4386-978F-42048EDD8598}.Release|x86.ActiveCfg = Release|Any CPU
		{9B238E1E-DE14-4386-978F-42048EDD8598}.Release|x86.Build.0 = Release|Any CPU
		{0EFADE96-FA8E-41E5-B923-B24B86C2BC17}.Debug|Any CPU.ActiveCfg = Debug|Any CPU
		{0EFADE96-FA8E-41E5-B923-B24B86C2BC17}.Debug|Any CPU.Build.0 = Debug|Any CPU
		{0EFADE96-FA8E-41E5-B923-B24B86C2BC17}.Debug|x64.ActiveCfg = Debug|Any CPU
		{0EFADE96-FA8E-41E5-B923-B24B86C2BC17}.Debug|x64.Build.0 = Debug|Any CPU
		{0EFADE96-FA8E-41E5-B923-B24B86C2BC17}.Debug|x86.ActiveCfg = Debug|Any CPU
		{0EFADE96-FA8E-41E5-B923-B24B86C2BC17}.Debug|x86.Build.0 = Debug|Any CPU
		{0EFADE96-FA8E-41E5-B923-B24B86C2BC17}.Release|Any CPU.ActiveCfg = Release|Any CPU
		{0EFADE96-FA8E-41E5-B923-B24B86C2BC17}.Release|Any CPU.Build.0 = Release|Any CPU
		{0EFADE96-FA8E-41E5-B923-B24B86C2BC17}.Release|x64.ActiveCfg = Release|Any CPU
		{0EFADE96-FA8E-41E5-B923-B24B86C2BC17}.Release|x64.Build.0 = Release|Any CPU
		{0EFADE96-FA8E-41E5-B923-B24B86C2BC17}.Release|x86.ActiveCfg = Release|Any CPU
		{0EFADE96-FA8E-41E5-B923-B24B86C2BC17}.Release|x86.Build.0 = Release|Any CPU
		{84A1AA21-2744-444D-81A4-3A448E8CE2E8}.Debug|Any CPU.ActiveCfg = Debug|Any CPU
		{84A1AA21-2744-444D-81A4-3A448E8CE2E8}.Debug|Any CPU.Build.0 = Debug|Any CPU
		{84A1AA21-2744-444D-81A4-3A448E8CE2E8}.Debug|x64.ActiveCfg = Debug|Any CPU
		{84A1AA21-2744-444D-81A4-3A448E8CE2E8}.Debug|x64.Build.0 = Debug|Any CPU
		{84A1AA21-2744-444D-81A4-3A448E8CE2E8}.Debug|x86.ActiveCfg = Debug|Any CPU
		{84A1AA21-2744-444D-81A4-3A448E8CE2E8}.Debug|x86.Build.0 = Debug|Any CPU
		{84A1AA21-2744-444D-81A4-3A448E8CE2E8}.Release|Any CPU.ActiveCfg = Release|Any CPU
		{84A1AA21-2744-444D-81A4-3A448E8CE2E8}.Release|Any CPU.Build.0 = Release|Any CPU
		{84A1AA21-2744-444D-81A4-3A448E8CE2E8}.Release|x64.ActiveCfg = Release|Any CPU
		{84A1AA21-2744-444D-81A4-3A448E8CE2E8}.Release|x64.Build.0 = Release|Any CPU
		{84A1AA21-2744-444D-81A4-3A448E8CE2E8}.Release|x86.ActiveCfg = Release|Any CPU
		{84A1AA21-2744-444D-81A4-3A448E8CE2E8}.Release|x86.Build.0 = Release|Any CPU
	EndGlobalSection
	GlobalSection(NestedProjects) = preSolution
		{9B238E1E-DE14-4386-978F-42048EDD8598} = {3A44D9B0-B399-477D-A949-51E4427B81FA}
		{0EFADE96-FA8E-41E5-B923-B24B86C2BC17} = {3A44D9B0-B399-477D-A949-51E4427B81FA}
		{9AF004F1-A67B-45FD-8C5C-861FC1BF53B0} = {A1FB8AD7-AD60-4C49-AC99-F23B8DD125DF}
		{84A1AA21-2744-444D-81A4-3A448E8CE2E8} = {9AF004F1-A67B-45FD-8C5C-861FC1BF53B0}
	EndGlobalSection
EndGlobal
